# NOT APPROVED: repository-owned smoke-input contract, not a Nargo-generated lock.
lock_schema = "world-aid-zkp-smoke-input-lock/v1"
status = "unapproved-repository-contract"
tool_lock_format = "human-selection-required"

[package]
name = "world_aid_zkp_toolchain_smoke"
version = "0.1.0"
source = "local"
dependencies = []
